<Solution>
  <Configurations>
    <Platform Name="Any CPU" />
    <Platform Name="ARM64" />
    <Platform Name="x64" />
    <Platform Name="x86" />
  </Configurations>
  <Project Path="ColorConverter/ColorConverter.csproj" />
  <Project Path="ColorConverterSetup/ColorConverterSetup.wixproj" Type="b7dd6f7e-def8-4e67-b5b7-07ef123db6f0" Id="b443c2cf-1fb1-4b9f-b1ed-e77fe7381dba">
    <Platform Solution="*|Any CPU" Project="x64" />
  </Project>
</Solution>
